// !$*UTF8*$!
{
	archiveVersion = 1;
	classes = {
	};
	objectVersion = 56;
	objects = {

/* Begin PBXBuildFile section */
		41365E8C2DC07A3700B98FC0 /* LoginViewControllerDismissDelegate.swift in Sources */ = {isa = PBXBuildFile; fileRef = 41365E8B2DC07A3700B98FC0 /* LoginViewControllerDismissDelegate.swift */; };
		41504A6A2DBF31FA0028294F /* LoginViewController.swift in Sources */ = {isa = PBXBuildFile; fileRef = 41504A692DBF31FA0028294F /* LoginViewController.swift */; };
		41504A6C2DBF33430028294F /* LoginViewModel.swift in Sources */ = {isa = PBXBuildFile; fileRef = 41504A6B2DBF33430028294F /* LoginViewModel.swift */; };
		41504A6E2DBF34360028294F /* LoginResponse.swift in Sources */ = {isa = PBXBuildFile; fileRef = 41504A6D2DBF34360028294F /* LoginResponse.swift */; };
		41504A702DBF39C40028294F /* LoginViewControllerViewModelService.swift in Sources */ = {isa = PBXBuildFile; fileRef = 41504A6F2DBF39C40028294F /* LoginViewControllerViewModelService.swift */; };
		418E92172D9DEAD500FBF11E /* TasksViewController.swift in Sources */ = {isa = PBXBuildFile; fileRef = 418E92162D9DEAD500FBF11E /* TasksViewController.swift */; };
		418E921C2D9EDE3D00FBF11E /* TasksViewControllerViewModel.swift in Sources */ = {isa = PBXBuildFile; fileRef = 418E921B2D9EDE3D00FBF11E /* TasksViewControllerViewModel.swift */; };
		418E921E2D9EDF5D00FBF11E /* LoginViewControllerViewModelTests.swift in Sources */ = {isa = PBXBuildFile; fileRef = 418E921D2D9EDF5D00FBF11E /* LoginViewControllerViewModelTests.swift */; };
		418E92212D9EE2BA00FBF11E /* TasksViewControllerViewModelService.swift in Sources */ = {isa = PBXBuildFile; fileRef = 418E92202D9EE2BA00FBF11E /* TasksViewControllerViewModelService.swift */; };
		418E92232D9EE66000FBF11E /* LoginViewControllerViewModelServiceProtocol.swift in Sources */ = {isa = PBXBuildFile; fileRef = 418E92222D9EE66000FBF11E /* LoginViewControllerViewModelServiceProtocol.swift */; };
		418E92262D9EECB100FBF11E /* users.json in Resources */ = {isa = PBXBuildFile; fileRef = 418E92252D9EECB100FBF11E /* users.json */; };
		41CE10452D88A93400ADC2B1 /* AppDelegate.swift in Sources */ = {isa = PBXBuildFile; fileRef = 41CE10442D88A93400ADC2B1 /* AppDelegate.swift */; };
		41CE10472D88A93400ADC2B1 /* SceneDelegate.swift in Sources */ = {isa = PBXBuildFile; fileRef = 41CE10462D88A93400ADC2B1 /* SceneDelegate.swift */; };
		41CE10492D88A93400ADC2B1 /* ViewController.swift in Sources */ = {isa = PBXBuildFile; fileRef = 41CE10482D88A93400ADC2B1 /* ViewController.swift */; };
		41CE104C2D88A93400ADC2B1 /* Main.storyboard in Resources */ = {isa = PBXBuildFile; fileRef = 41CE104A2D88A93400ADC2B1 /* Main.storyboard */; };
		41CE104E2D88A93600ADC2B1 /* Assets.xcassets in Resources */ = {isa = PBXBuildFile; fileRef = 41CE104D2D88A93600ADC2B1 /* Assets.xcassets */; };
		41CE10512D88A93600ADC2B1 /* LaunchScreen.storyboard in Resources */ = {isa = PBXBuildFile; fileRef = 41CE104F2D88A93600ADC2B1 /* LaunchScreen.storyboard */; };
		41CE105C2D88A93700ADC2B1 /* TasksTests.swift in Sources */ = {isa = PBXBuildFile; fileRef = 41CE105B2D88A93700ADC2B1 /* TasksTests.swift */; };
		41CE10662D88A93700ADC2B1 /* TasksUITests.swift in Sources */ = {isa = PBXBuildFile; fileRef = 41CE10652D88A93700ADC2B1 /* TasksUITests.swift */; };
		41CE10682D88A93700ADC2B1 /* TasksUITestsLaunchTests.swift in Sources */ = {isa = PBXBuildFile; fileRef = 41CE10672D88A93700ADC2B1 /* TasksUITestsLaunchTests.swift */; };
		41CE10762D88ADE500ADC2B1 /* ContentView.swift in Sources */ = {isa = PBXBuildFile; fileRef = 41CE10752D88ADE500ADC2B1 /* ContentView.swift */; };
		41CE10782D88AF1A00ADC2B1 /* README.md in Resources */ = {isa = PBXBuildFile; fileRef = 41CE10772D88AF1A00ADC2B1 /* README.md */; };
		41CE107B2D88B41300ADC2B1 /* Task.swift in Sources */ = {isa = PBXBuildFile; fileRef = 41CE107A2D88B41300ADC2B1 /* Task.swift */; };
		41CE107E2D88B4B200ADC2B1 /* APIManager.swift in Sources */ = {isa = PBXBuildFile; fileRef = 41CE107D2D88B4B200ADC2B1 /* APIManager.swift */; };
		41CE10802D88C2A500ADC2B1 /* TokenManager.swift in Sources */ = {isa = PBXBuildFile; fileRef = 41CE107F2D88C2A500ADC2B1 /* TokenManager.swift */; };
		41D5333A2DC2AE1B00CDA8DA /* get_dealers.json in Resources */ = {isa = PBXBuildFile; fileRef = 41D533392DC2AE1B00CDA8DA /* get_dealers.json */; };
		41D5333D2DC2AE9000CDA8DA /* DealersListViewModel.swift in Sources */ = {isa = PBXBuildFile; fileRef = 41D5333C2DC2AE9000CDA8DA /* DealersListViewModel.swift */; };
		41D5333F2DC2C7EF00CDA8DA /* DealersTableViewController.swift in Sources */ = {isa = PBXBuildFile; fileRef = 41D5333E2DC2C7EF00CDA8DA /* DealersTableViewController.swift */; };
		41D533412DC2C8FD00CDA8DA /* DealersListViewModelService.swift in Sources */ = {isa = PBXBuildFile; fileRef = 41D533402DC2C8FD00CDA8DA /* DealersListViewModelService.swift */; };
		41D533432DC40E7C00CDA8DA /* DealerTableViewCell.swift in Sources */ = {isa = PBXBuildFile; fileRef = 41D533422DC40E7C00CDA8DA /* DealerTableViewCell.swift */; };
/* End PBXBuildFile section */

/* Begin PBXContainerItemProxy section */
		41CE10582D88A93700ADC2B1 /* PBXContainerItemProxy */ = {
			isa = PBXContainerItemProxy;
			containerPortal = 41CE10392D88A93400ADC2B1 /* Project object */;
			proxyType = 1;
			remoteGlobalIDString = 41CE10402D88A93400ADC2B1;
			remoteInfo = Tasks;
		};
		41CE10622D88A93700ADC2B1 /* PBXContainerItemProxy */ = {
			isa = PBXContainerItemProxy;
			containerPortal = 41CE10392D88A93400ADC2B1 /* Project object */;
			proxyType = 1;
			remoteGlobalIDString = 41CE10402D88A93400ADC2B1;
			remoteInfo = Tasks;
		};
/* End PBXContainerItemProxy section */

/* Begin PBXFileReference section */
		41365E8B2DC07A3700B98FC0 /* LoginViewControllerDismissDelegate.swift */ = {isa = PBXFileReference; lastKnownFileType = sourcecode.swift; path = LoginViewControllerDismissDelegate.swift; sourceTree = "<group>"; };
		41504A692DBF31FA0028294F /* LoginViewController.swift */ = {isa = PBXFileReference; lastKnownFileType = sourcecode.swift; path = LoginViewController.swift; sourceTree = "<group>"; };
		41504A6B2DBF33430028294F /* LoginViewModel.swift */ = {isa = PBXFileReference; lastKnownFileType = sourcecode.swift; path = LoginViewModel.swift; sourceTree = "<group>"; };
		41504A6D2DBF34360028294F /* LoginResponse.swift */ = {isa = PBXFileReference; lastKnownFileType = sourcecode.swift; path = LoginResponse.swift; sourceTree = "<group>"; };
		41504A6F2DBF39C40028294F /* LoginViewControllerViewModelService.swift */ = {isa = PBXFileReference; lastKnownFileType = sourcecode.swift; path = LoginViewControllerViewModelService.swift; sourceTree = "<group>"; };
		418E92162D9DEAD500FBF11E /* TasksViewController.swift */ = {isa = PBXFileReference; lastKnownFileType = sourcecode.swift; path = TasksViewController.swift; sourceTree = "<group>"; };
		418E921B2D9EDE3D00FBF11E /* TasksViewControllerViewModel.swift */ = {isa = PBXFileReference; lastKnownFileType = sourcecode.swift; path = TasksViewControllerViewModel.swift; sourceTree = "<group>"; };
		418E921D2D9EDF5D00FBF11E /* LoginViewControllerViewModelTests.swift */ = {isa = PBXFileReference; lastKnownFileType = sourcecode.swift; path = LoginViewControllerViewModelTests.swift; sourceTree = "<group>"; };
		418E92202D9EE2BA00FBF11E /* TasksViewControllerViewModelService.swift */ = {isa = PBXFileReference; lastKnownFileType = sourcecode.swift; path = TasksViewControllerViewModelService.swift; sourceTree = "<group>"; };
		418E92222D9EE66000FBF11E /* LoginViewControllerViewModelServiceProtocol.swift */ = {isa = PBXFileReference; lastKnownFileType = sourcecode.swift; path = LoginViewControllerViewModelServiceProtocol.swift; sourceTree = "<group>"; };
		418E92252D9EECB100FBF11E /* users.json */ = {isa = PBXFileReference; lastKnownFileType = text.json; path = users.json; sourceTree = "<group>"; };
		418E92272D9EF47E00FBF11E /* Tasks.xctestplan */ = {isa = PBXFileReference; lastKnownFileType = text; path = Tasks.xctestplan; sourceTree = "<group>"; };
		41CE10412D88A93400ADC2B1 /* Tasks.app */ = {isa = PBXFileReference; explicitFileType = wrapper.application; includeInIndex = 0; path = Tasks.app; sourceTree = BUILT_PRODUCTS_DIR; };
		41CE10442D88A93400ADC2B1 /* AppDelegate.swift */ = {isa = PBXFileReference; lastKnownFileType = sourcecode.swift; path = AppDelegate.swift; sourceTree = "<group>"; };
		41CE10462D88A93400ADC2B1 /* SceneDelegate.swift */ = {isa = PBXFileReference; lastKnownFileType = sourcecode.swift; path = SceneDelegate.swift; sourceTree = "<group>"; };
		41CE10482D88A93400ADC2B1 /* ViewController.swift */ = {isa = PBXFileReference; lastKnownFileType = sourcecode.swift; path = ViewController.swift; sourceTree = "<group>"; };
		41CE104B2D88A93400ADC2B1 /* Base */ = {isa = PBXFileReference; lastKnownFileType = file.storyboard; name = Base; path = Base.lproj/Main.storyboard; sourceTree = "<group>"; };
		41CE104D2D88A93600ADC2B1 /* Assets.xcassets */ = {isa = PBXFileReference; lastKnownFileType = folder.assetcatalog; path = Assets.xcassets; sourceTree = "<group>"; };
		41CE10502D88A93600ADC2B1 /* Base */ = {isa = PBXFileReference; lastKnownFileType = file.storyboard; name = Base; path = Base.lproj/LaunchScreen.storyboard; sourceTree = "<group>"; };
		41CE10522D88A93600ADC2B1 /* Info.plist */ = {isa = PBXFileReference; lastKnownFileType = text.plist.xml; path = Info.plist; sourceTree = "<group>"; };
		41CE10572D88A93700ADC2B1 /* TasksTests.xctest */ = {isa = PBXFileReference; explicitFileType = wrapper.cfbundle; includeInIndex = 0; path = TasksTests.xctest; sourceTree = BUILT_PRODUCTS_DIR; };
		41CE105B2D88A93700ADC2B1 /* TasksTests.swift */ = {isa = PBXFileReference; lastKnownFileType = sourcecode.swift; path = TasksTests.swift; sourceTree = "<group>"; };
		41CE10612D88A93700ADC2B1 /* TasksUITests.xctest */ = {isa = PBXFileReference; explicitFileType = wrapper.cfbundle; includeInIndex = 0; path = TasksUITests.xctest; sourceTree = BUILT_PRODUCTS_DIR; };
		41CE10652D88A93700ADC2B1 /* TasksUITests.swift */ = {isa = PBXFileReference; lastKnownFileType = sourcecode.swift; path = TasksUITests.swift; sourceTree = "<group>"; };
		41CE10672D88A93700ADC2B1 /* TasksUITestsLaunchTests.swift */ = {isa = PBXFileReference; lastKnownFileType = sourcecode.swift; path = TasksUITestsLaunchTests.swift; sourceTree = "<group>"; };
		41CE10752D88ADE500ADC2B1 /* ContentView.swift */ = {isa = PBXFileReference; lastKnownFileType = sourcecode.swift; path = ContentView.swift; sourceTree = "<group>"; };
		41CE10772D88AF1A00ADC2B1 /* README.md */ = {isa = PBXFileReference; fileEncoding = 4; lastKnownFileType = net.daringfireball.markdown; path = README.md; sourceTree = "<group>"; };
		41CE107A2D88B41300ADC2B1 /* Task.swift */ = {isa = PBXFileReference; lastKnownFileType = sourcecode.swift; path = Task.swift; sourceTree = "<group>"; };
		41CE107D2D88B4B200ADC2B1 /* APIManager.swift */ = {isa = PBXFileReference; lastKnownFileType = sourcecode.swift; path = APIManager.swift; sourceTree = "<group>"; };
		41CE107F2D88C2A500ADC2B1 /* TokenManager.swift */ = {isa = PBXFileReference; lastKnownFileType = sourcecode.swift; path = TokenManager.swift; sourceTree = "<group>"; };
		41D533392DC2AE1B00CDA8DA /* get_dealers.json */ = {isa = PBXFileReference; lastKnownFileType = text.json; path = get_dealers.json; sourceTree = "<group>"; };
		41D5333C2DC2AE9000CDA8DA /* DealersListViewModel.swift */ = {isa = PBXFileReference; lastKnownFileType = sourcecode.swift; path = DealersListViewModel.swift; sourceTree = "<group>"; };
		41D5333E2DC2C7EF00CDA8DA /* DealersTableViewController.swift */ = {isa = PBXFileReference; lastKnownFileType = sourcecode.swift; path = DealersTableViewController.swift; sourceTree = "<group>"; };
		41D533402DC2C8FD00CDA8DA /* DealersListViewModelService.swift */ = {isa = PBXFileReference; lastKnownFileType = sourcecode.swift; path = DealersListViewModelService.swift; sourceTree = "<group>"; };
		41D533422DC40E7C00CDA8DA /* DealerTableViewCell.swift */ = {isa = PBXFileReference; lastKnownFileType = sourcecode.swift; path = DealerTableViewCell.swift; sourceTree = "<group>"; };
/* End PBXFileReference section */

/* Begin PBXFrameworksBuildPhase section */
		41CE103E2D88A93400ADC2B1 /* Frameworks */ = {
			isa = PBXFrameworksBuildPhase;
			buildActionMask = 2147483647;
			files = (
			);
			runOnlyForDeploymentPostprocessing = 0;
		};
		41CE10542D88A93700ADC2B1 /* Frameworks */ = {
			isa = PBXFrameworksBuildPhase;
			buildActionMask = 2147483647;
			files = (
			);
			runOnlyForDeploymentPostprocessing = 0;
		};
		41CE105E2D88A93700ADC2B1 /* Frameworks */ = {
			isa = PBXFrameworksBuildPhase;
			buildActionMask = 2147483647;
			files = (
			);
			runOnlyForDeploymentPostprocessing = 0;
		};
/* End PBXFrameworksBuildPhase section */

/* Begin PBXGroup section */
		41504A682DBF31DA0028294F /* Login */ = {
			isa = PBXGroup;
			children = (
				41504A692DBF31FA0028294F /* LoginViewController.swift */,
				41504A6B2DBF33430028294F /* LoginViewModel.swift */,
				41504A6D2DBF34360028294F /* LoginResponse.swift */,
				41504A6F2DBF39C40028294F /* LoginViewControllerViewModelService.swift */,
				41365E8B2DC07A3700B98FC0 /* LoginViewControllerDismissDelegate.swift */,
			);
			path = Login;
			sourceTree = "<group>";
		};
		418E92192D9EDD6D00FBF11E /* Views */ = {
			isa = PBXGroup;
			children = (
				41D5333B2DC2AE4700CDA8DA /* DealersList */,
				41CE10482D88A93400ADC2B1 /* ViewController.swift */,
				418E92162D9DEAD500FBF11E /* TasksViewController.swift */,
				418E921B2D9EDE3D00FBF11E /* TasksViewControllerViewModel.swift */,
				418E921D2D9EDF5D00FBF11E /* LoginViewControllerViewModelTests.swift */,
				41504A682DBF31DA0028294F /* Login */,
			);
			path = Views;
			sourceTree = "<group>";
		};
		418E921F2D9EE28900FBF11E /* Services */ = {
			isa = PBXGroup;
			children = (
				418E92202D9EE2BA00FBF11E /* TasksViewControllerViewModelService.swift */,
				418E92222D9EE66000FBF11E /* LoginViewControllerViewModelServiceProtocol.swift */,
			);
			path = Services;
			sourceTree = "<group>";
		};
		418E92242D9EEC9900FBF11E /* Fixtures */ = {
			isa = PBXGroup;
			children = (
				418E92252D9EECB100FBF11E /* users.json */,
				41D533392DC2AE1B00CDA8DA /* get_dealers.json */,
			);
			path = Fixtures;
			sourceTree = "<group>";
		};
		41CE10382D88A93400ADC2B1 = {
			isa = PBXGroup;
			children = (
				418E92272D9EF47E00FBF11E /* Tasks.xctestplan */,
				41CE10772D88AF1A00ADC2B1 /* README.md */,
				41CE10432D88A93400ADC2B1 /* Tasks */,
				41CE105A2D88A93700ADC2B1 /* TasksTests */,
				41CE10642D88A93700ADC2B1 /* TasksUITests */,
				41CE10422D88A93400ADC2B1 /* Products */,
			);
			sourceTree = "<group>";
		};
		41CE10422D88A93400ADC2B1 /* Products */ = {
			isa = PBXGroup;
			children = (
				41CE10412D88A93400ADC2B1 /* Tasks.app */,
				41CE10572D88A93700ADC2B1 /* TasksTests.xctest */,
				41CE10612D88A93700ADC2B1 /* TasksUITests.xctest */,
			);
			name = Products;
			sourceTree = "<group>";
		};
		41CE10432D88A93400ADC2B1 /* Tasks */ = {
			isa = PBXGroup;
			children = (
				418E921F2D9EE28900FBF11E /* Services */,
				418E92192D9EDD6D00FBF11E /* Views */,
				41CE107C2D88B49D00ADC2B1 /* API */,
				41CE10792D88B3FC00ADC2B1 /* Model */,
				41CE10742D88ADC400ADC2B1 /* SwiftUI */,
				41CE10442D88A93400ADC2B1 /* AppDelegate.swift */,
				41CE10462D88A93400ADC2B1 /* SceneDelegate.swift */,
				41CE104A2D88A93400ADC2B1 /* Main.storyboard */,
				41CE104D2D88A93600ADC2B1 /* Assets.xcassets */,
				41CE104F2D88A93600ADC2B1 /* LaunchScreen.storyboard */,
				41CE10522D88A93600ADC2B1 /* Info.plist */,
			);
			path = Tasks;
			sourceTree = "<group>";
		};
		41CE105A2D88A93700ADC2B1 /* TasksTests */ = {
			isa = PBXGroup;
			children = (
				41CE105B2D88A93700ADC2B1 /* TasksTests.swift */,
				418E92242D9EEC9900FBF11E /* Fixtures */,
			);
			path = TasksTests;
			sourceTree = "<group>";
		};
		41CE10642D88A93700ADC2B1 /* TasksUITests */ = {
			isa = PBXGroup;
			children = (
				41CE10652D88A93700ADC2B1 /* TasksUITests.swift */,
				41CE10672D88A93700ADC2B1 /* TasksUITestsLaunchTests.swift */,
			);
			path = TasksUITests;
			sourceTree = "<group>";
		};
		41CE10742D88ADC400ADC2B1 /* SwiftUI */ = {
			isa = PBXGroup;
			children = (
				41CE10752D88ADE500ADC2B1 /* ContentView.swift */,
			);
			path = SwiftUI;
			sourceTree = "<group>";
		};
		41CE10792D88B3FC00ADC2B1 /* Model */ = {
			isa = PBXGroup;
			children = (
				41CE107A2D88B41300ADC2B1 /* Task.swift */,
			);
			path = Model;
			sourceTree = "<group>";
		};
		41CE107C2D88B49D00ADC2B1 /* API */ = {
			isa = PBXGroup;
			children = (
				41CE107D2D88B4B200ADC2B1 /* APIManager.swift */,
				41CE107F2D88C2A500ADC2B1 /* TokenManager.swift */,
			);
			path = API;
			sourceTree = "<group>";
		};
		41D5333B2DC2AE4700CDA8DA /* DealersList */ = {
			isa = PBXGroup;
			children = (
				41D5333C2DC2AE9000CDA8DA /* DealersListViewModel.swift */,
				41D533402DC2C8FD00CDA8DA /* DealersListViewModelService.swift */,
				41D5333E2DC2C7EF00CDA8DA /* DealersTableViewController.swift */,
				41D533422DC40E7C00CDA8DA /* DealerTableViewCell.swift */,
			);
			path = DealersList;
			sourceTree = "<group>";
		};
/* End PBXGroup section */

/* Begin PBXNativeTarget section */
		41CE10402D88A93400ADC2B1 /* Tasks */ = {
			isa = PBXNativeTarget;
			buildConfigurationList = 41CE106B2D88A93700ADC2B1 /* Build configuration list for PBXNativeTarget "Tasks" */;
			buildPhases = (
				41CE103D2D88A93400ADC2B1 /* Sources */,
				41CE103E2D88A93400ADC2B1 /* Frameworks */,
				41CE103F2D88A93400ADC2B1 /* Resources */,
			);
			buildRules = (
			);
			dependencies = (
			);
			name = Tasks;
			productName = Tasks;
			productReference = 41CE10412D88A93400ADC2B1 /* Tasks.app */;
			productType = "com.apple.product-type.application";
		};
		41CE10562D88A93700ADC2B1 /* TasksTests */ = {
			isa = PBXNativeTarget;
			buildConfigurationList = 41CE106E2D88A93700ADC2B1 /* Build configuration list for PBXNativeTarget "TasksTests" */;
			buildPhases = (
				41CE10532D88A93700ADC2B1 /* Sources */,
				41CE10542D88A93700ADC2B1 /* Frameworks */,
				41CE10552D88A93700ADC2B1 /* Resources */,
			);
			buildRules = (
			);
			dependencies = (
				41CE10592D88A93700ADC2B1 /* PBXTargetDependency */,
			);
			name = TasksTests;
			productName = TasksTests;
			productReference = 41CE10572D88A93700ADC2B1 /* TasksTests.xctest */;
			productType = "com.apple.product-type.bundle.unit-test";
		};
		41CE10602D88A93700ADC2B1 /* TasksUITests */ = {
			isa = PBXNativeTarget;
			buildConfigurationList = 41CE10712D88A93700ADC2B1 /* Build configuration list for PBXNativeTarget "TasksUITests" */;
			buildPhases = (
				41CE105D2D88A93700ADC2B1 /* Sources */,
				41CE105E2D88A93700ADC2B1 /* Frameworks */,
				41CE105F2D88A93700ADC2B1 /* Resources */,
			);
			buildRules = (
			);
			dependencies = (
				41CE10632D88A93700ADC2B1 /* PBXTargetDependency */,
			);
			name = TasksUITests;
			productName = TasksUITests;
			productReference = 41CE10612D88A93700ADC2B1 /* TasksUITests.xctest */;
			productType = "com.apple.product-type.bundle.ui-testing";
		};
/* End PBXNativeTarget section */

/* Begin PBXProject section */
		41CE10392D88A93400ADC2B1 /* Project object */ = {
			isa = PBXProject;
			attributes = {
				BuildIndependentTargetsInParallel = 1;
				LastSwiftUpdateCheck = 1520;
				LastUpgradeCheck = 1520;
				TargetAttributes = {
					41CE10402D88A93400ADC2B1 = {
						CreatedOnToolsVersion = 15.2;
					};
					41CE10562D88A93700ADC2B1 = {
						CreatedOnToolsVersion = 15.2;
						TestTargetID = 41CE10402D88A93400ADC2B1;
					};
					41CE10602D88A93700ADC2B1 = {
						CreatedOnToolsVersion = 15.2;
						TestTargetID = 41CE10402D88A93400ADC2B1;
					};
				};
			};
			buildConfigurationList = 41CE103C2D88A93400ADC2B1 /* Build configuration list for PBXProject "Tasks" */;
			compatibilityVersion = "Xcode 14.0";
			developmentRegion = en;
			hasScannedForEncodings = 0;
			knownRegions = (
				en,
				Base,
			);
			mainGroup = 41CE10382D88A93400ADC2B1;
			productRefGroup = 41CE10422D88A93400ADC2B1 /* Products */;
			projectDirPath = "";
			projectRoot = "";
			targets = (
				41CE10402D88A93400ADC2B1 /* Tasks */,
				41CE10562D88A93700ADC2B1 /* TasksTests */,
				41CE10602D88A93700ADC2B1 /* TasksUITests */,
			);
		};
/* End PBXProject section */

/* Begin PBXResourcesBuildPhase section */
		41CE103F2D88A93400ADC2B1 /* Resources */ = {
			isa = PBXResourcesBuildPhase;
			buildActionMask = 2147483647;
			files = (
				41CE10512D88A93600ADC2B1 /* LaunchScreen.storyboard in Resources */,
				41CE104E2D88A93600ADC2B1 /* Assets.xcassets in Resources */,
				41CE10782D88AF1A00ADC2B1 /* README.md in Resources */,
				41CE104C2D88A93400ADC2B1 /* Main.storyboard in Resources */,
			);
			runOnlyForDeploymentPostprocessing = 0;
		};
		41CE10552D88A93700ADC2B1 /* Resources */ = {
			isa = PBXResourcesBuildPhase;
			buildActionMask = 2147483647;
			files = (
				418E92262D9EECB100FBF11E /* users.json in Resources */,
				41D5333A2DC2AE1B00CDA8DA /* get_dealers.json in Resources */,
			);
			runOnlyForDeploymentPostprocessing = 0;
		};
		41CE105F2D88A93700ADC2B1 /* Resources */ = {
			isa = PBXResourcesBuildPhase;
			buildActionMask = 2147483647;
			files = (
			);
			runOnlyForDeploymentPostprocessing = 0;
		};
/* End PBXResourcesBuildPhase section */

/* Begin PBXSourcesBuildPhase section */
		41CE103D2D88A93400ADC2B1 /* Sources */ = {
			isa = PBXSourcesBuildPhase;
			buildActionMask = 2147483647;
			files = (
				41504A6E2DBF34360028294F /* LoginResponse.swift in Sources */,
				41504A6A2DBF31FA0028294F /* LoginViewController.swift in Sources */,
				41CE107E2D88B4B200ADC2B1 /* APIManager.swift in Sources */,
				418E92172D9DEAD500FBF11E /* TasksViewController.swift in Sources */,
				41365E8C2DC07A3700B98FC0 /* LoginViewControllerDismissDelegate.swift in Sources */,
				41CE10492D88A93400ADC2B1 /* ViewController.swift in Sources */,
				41CE10452D88A93400ADC2B1 /* AppDelegate.swift in Sources */,
				418E92212D9EE2BA00FBF11E /* TasksViewControllerViewModelService.swift in Sources */,
				41CE107B2D88B41300ADC2B1 /* Task.swift in Sources */,
				418E92232D9EE66000FBF11E /* LoginViewControllerViewModelServiceProtocol.swift in Sources */,
				41504A6C2DBF33430028294F /* LoginViewModel.swift in Sources */,
				41D533412DC2C8FD00CDA8DA /* DealersListViewModelService.swift in Sources */,
				41CE10762D88ADE500ADC2B1 /* ContentView.swift in Sources */,
				41D5333F2DC2C7EF00CDA8DA /* DealersTableViewController.swift in Sources */,
				41CE10472D88A93400ADC2B1 /* SceneDelegate.swift in Sources */,
				41CE10802D88C2A500ADC2B1 /* TokenManager.swift in Sources */,
				41D533432DC40E7C00CDA8DA /* DealerTableViewCell.swift in Sources */,
				41D5333D2DC2AE9000CDA8DA /* DealersListViewModel.swift in Sources */,
				41504A702DBF39C40028294F /* LoginViewControllerViewModelService.swift in Sources */,
				418E921C2D9EDE3D00FBF11E /* TasksViewControllerViewModel.swift in Sources */,
			);
			runOnlyForDeploymentPostprocessing = 0;
		};
		41CE10532D88A93700ADC2B1 /* Sources */ = {
			isa = PBXSourcesBuildPhase;
			buildActionMask = 2147483647;
			files = (
				418E921E2D9EDF5D00FBF11E /* LoginViewControllerViewModelTests.swift in Sources */,
				41CE105C2D88A93700ADC2B1 /* TasksTests.swift in Sources */,
			);
			runOnlyForDeploymentPostprocessing = 0;
		};
		41CE105D2D88A93700ADC2B1 /* Sources */ = {
			isa = PBXSourcesBuildPhase;
			buildActionMask = 2147483647;
			files = (
				41CE10662D88A93700ADC2B1 /* TasksUITests.swift in Sources */,
				41CE10682D88A93700ADC2B1 /* TasksUITestsLaunchTests.swift in Sources */,
			);
			runOnlyForDeploymentPostprocessing = 0;
		};
/* End PBXSourcesBuildPhase section */

/* Begin PBXTargetDependency section */
		41CE10592D88A93700ADC2B1 /* PBXTargetDependency */ = {
			isa = PBXTargetDependency;
			target = 41CE10402D88A93400ADC2B1 /* Tasks */;
			targetProxy = 41CE10582D88A93700ADC2B1 /* PBXContainerItemProxy */;
		};
		41CE10632D88A93700ADC2B1 /* PBXTargetDependency */ = {
			isa = PBXTargetDependency;
			target = 41CE10402D88A93400ADC2B1 /* Tasks */;
			targetProxy = 41CE10622D88A93700ADC2B1 /* PBXContainerItemProxy */;
		};
/* End PBXTargetDependency section */

/* Begin PBXVariantGroup section */
		41CE104A2D88A93400ADC2B1 /* Main.storyboard */ = {
			isa = PBXVariantGroup;
			children = (
				41CE104B2D88A93400ADC2B1 /* Base */,
			);
			name = Main.storyboard;
			sourceTree = "<group>";
		};
		41CE104F2D88A93600ADC2B1 /* LaunchScreen.storyboard */ = {
			isa = PBXVariantGroup;
			children = (
				41CE10502D88A93600ADC2B1 /* Base */,
			);
			name = LaunchScreen.storyboard;
			sourceTree = "<group>";
		};
/* End PBXVariantGroup section */

/* Begin XCBuildConfiguration section */
		41CE10692D88A93700ADC2B1 /* Debug */ = {
			isa = XCBuildConfiguration;
			buildSettings = {
				ALWAYS_SEARCH_USER_PATHS = NO;
				ASSETCATALOG_COMPILER_GENERATE_SWIFT_ASSET_SYMBOL_EXTENSIONS = YES;
				CLANG_ANALYZER_NONNULL = YES;
				CLANG_ANALYZER_NUMBER_OBJECT_CONVERSION = YES_AGGRESSIVE;
				CLANG_CXX_LANGUAGE_STANDARD = "gnu++20";
				CLANG_ENABLE_MODULES = YES;
				CLANG_ENABLE_OBJC_ARC = YES;
				CLANG_ENABLE_OBJC_WEAK = YES;
				CLANG_WARN_BLOCK_CAPTURE_AUTORELEASING = YES;
				CLANG_WARN_BOOL_CONVERSION = YES;
				CLANG_WARN_COMMA = YES;
				CLANG_WARN_CONSTANT_CONVERSION = YES;
				CLANG_WARN_DEPRECATED_OBJC_IMPLEMENTATIONS = YES;
				CLANG_WARN_DIRECT_OBJC_ISA_USAGE = YES_ERROR;
				CLANG_WARN_DOCUMENTATION_COMMENTS = YES;
				CLANG_WARN_EMPTY_BODY = YES;
				CLANG_WARN_ENUM_CONVERSION = YES;
				CLANG_WARN_INFINITE_RECURSION = YES;
				CLANG_WARN_INT_CONVERSION = YES;
				CLANG_WARN_NON_LITERAL_NULL_CONVERSION = YES;
				CLANG_WARN_OBJC_IMPLICIT_RETAIN_SELF = YES;
				CLANG_WARN_OBJC_LITERAL_CONVERSION = YES;
				CLANG_WARN_OBJC_ROOT_CLASS = YES_ERROR;
				CLANG_WARN_QUOTED_INCLUDE_IN_FRAMEWORK_HEADER = YES;
				CLANG_WARN_RANGE_LOOP_ANALYSIS = YES;
				CLANG_WARN_STRICT_PROTOTYPES = YES;
				CLANG_WARN_SUSPICIOUS_MOVE = YES;
				CLANG_WARN_UNGUARDED_AVAILABILITY = YES_AGGRESSIVE;
				CLANG_WARN_UNREACHABLE_CODE = YES;
				CLANG_WARN__DUPLICATE_METHOD_MATCH = YES;
				COPY_PHASE_STRIP = NO;
				DEBUG_INFORMATION_FORMAT = dwarf;
				ENABLE_STRICT_OBJC_MSGSEND = YES;
				ENABLE_TESTABILITY = YES;
				ENABLE_USER_SCRIPT_SANDBOXING = YES;
				GCC_C_LANGUAGE_STANDARD = gnu17;
				GCC_DYNAMIC_NO_PIC = NO;
				GCC_NO_COMMON_BLOCKS = YES;
				GCC_OPTIMIZATION_LEVEL = 0;
				GCC_PREPROCESSOR_DEFINITIONS = (
					"DEBUG=1",
					"$(inherited)",
				);
				GCC_WARN_64_TO_32_BIT_CONVERSION = YES;
				GCC_WARN_ABOUT_RETURN_TYPE = YES_ERROR;
				GCC_WARN_UNDECLARED_SELECTOR = YES;
				GCC_WARN_UNINITIALIZED_AUTOS = YES_AGGRESSIVE;
				GCC_WARN_UNUSED_FUNCTION = YES;
				GCC_WARN_UNUSED_VARIABLE = YES;
				IPHONEOS_DEPLOYMENT_TARGET = 17.2;
				LOCALIZATION_PREFERS_STRING_CATALOGS = YES;
				MTL_ENABLE_DEBUG_INFO = INCLUDE_SOURCE;
				MTL_FAST_MATH = YES;
				ONLY_ACTIVE_ARCH = YES;
				SDKROOT = iphoneos;
				SWIFT_ACTIVE_COMPILATION_CONDITIONS = "DEBUG $(inherited)";
				SWIFT_OPTIMIZATION_LEVEL = "-Onone";
			};
			name = Debug;
		};
		41CE106A2D88A93700ADC2B1 /* Release */ = {
			isa = XCBuildConfiguration;
			buildSettings = {
				ALWAYS_SEARCH_USER_PATHS = NO;
				ASSETCATALOG_COMPILER_GENERATE_SWIFT_ASSET_SYMBOL_EXTENSIONS = YES;
				CLANG_ANALYZER_NONNULL = YES;
				CLANG_ANALYZER_NUMBER_OBJECT_CONVERSION = YES_AGGRESSIVE;
				CLANG_CXX_LANGUAGE_STANDARD = "gnu++20";
				CLANG_ENABLE_MODULES = YES;
				CLANG_ENABLE_OBJC_ARC = YES;
				CLANG_ENABLE_OBJC_WEAK = YES;
				CLANG_WARN_BLOCK_CAPTURE_AUTORELEASING = YES;
				CLANG_WARN_BOOL_CONVERSION = YES;
				CLANG_WARN_COMMA = YES;
				CLANG_WARN_CONSTANT_CONVERSION = YES;
				CLANG_WARN_DEPRECATED_OBJC_IMPLEMENTATIONS = YES;
				CLANG_WARN_DIRECT_OBJC_ISA_USAGE = YES_ERROR;
				CLANG_WARN_DOCUMENTATION_COMMENTS = YES;
				CLANG_WARN_EMPTY_BODY = YES;
				CLANG_WARN_ENUM_CONVERSION = YES;
				CLANG_WARN_INFINITE_RECURSION = YES;
				CLANG_WARN_INT_CONVERSION = YES;
				CLANG_WARN_NON_LITERAL_NULL_CONVERSION = YES;
				CLANG_WARN_OBJC_IMPLICIT_RETAIN_SELF = YES;
				CLANG_WARN_OBJC_LITERAL_CONVERSION = YES;
				CLANG_WARN_OBJC_ROOT_CLASS = YES_ERROR;
				CLANG_WARN_QUOTED_INCLUDE_IN_FRAMEWORK_HEADER = YES;
				CLANG_WARN_RANGE_LOOP_ANALYSIS = YES;
				CLANG_WARN_STRICT_PROTOTYPES = YES;
				CLANG_WARN_SUSPICIOUS_MOVE = YES;
				CLANG_WARN_UNGUARDED_AVAILABILITY = YES_AGGRESSIVE;
				CLANG_WARN_UNREACHABLE_CODE = YES;
				CLANG_WARN__DUPLICATE_METHOD_MATCH = YES;
				COPY_PHASE_STRIP = NO;
				DEBUG_INFORMATION_FORMAT = "dwarf-with-dsym";
				ENABLE_NS_ASSERTIONS = NO;
				ENABLE_STRICT_OBJC_MSGSEND = YES;
				ENABLE_USER_SCRIPT_SANDBOXING = YES;
				GCC_C_LANGUAGE_STANDARD = gnu17;
				GCC_NO_COMMON_BLOCKS = YES;
				GCC_WARN_64_TO_32_BIT_CONVERSION = YES;
				GCC_WARN_ABOUT_RETURN_TYPE = YES_ERROR;
				GCC_WARN_UNDECLARED_SELECTOR = YES;
				GCC_WARN_UNINITIALIZED_AUTOS = YES_AGGRESSIVE;
				GCC_WARN_UNUSED_FUNCTION = YES;
				GCC_WARN_UNUSED_VARIABLE = YES;
				IPHONEOS_DEPLOYMENT_TARGET = 17.2;
				LOCALIZATION_PREFERS_STRING_CATALOGS = YES;
				MTL_ENABLE_DEBUG_INFO = NO;
				MTL_FAST_MATH = YES;
				SDKROOT = iphoneos;
				SWIFT_COMPILATION_MODE = wholemodule;
				VALIDATE_PRODUCT = YES;
			};
			name = Release;
		};
		41CE106C2D88A93700ADC2B1 /* Debug */ = {
			isa = XCBuildConfiguration;
			buildSettings = {
				ASSETCATALOG_COMPILER_APPICON_NAME = AppIcon;
				ASSETCATALOG_COMPILER_GLOBAL_ACCENT_COLOR_NAME = AccentColor;
				CODE_SIGN_STYLE = Automatic;
				CURRENT_PROJECT_VERSION = 1;
				GENERATE_INFOPLIST_FILE = YES;
				INFOPLIST_FILE = Tasks/Info.plist;
				INFOPLIST_KEY_UIApplicationSupportsIndirectInputEvents = YES;
				INFOPLIST_KEY_UILaunchStoryboardName = LaunchScreen;
				INFOPLIST_KEY_UIMainStoryboardFile = Main;
				INFOPLIST_KEY_UISupportedInterfaceOrientations_iPad = "UIInterfaceOrientationPortrait UIInterfaceOrientationPortraitUpsideDown UIInterfaceOrientationLandscapeLeft UIInterfaceOrientationLandscapeRight";
				INFOPLIST_KEY_UISupportedInterfaceOrientations_iPhone = "UIInterfaceOrientationPortrait UIInterfaceOrientationLandscapeLeft UIInterfaceOrientationLandscapeRight";
				LD_RUNPATH_SEARCH_PATHS = (
					"$(inherited)",
					"@executable_path/Frameworks",
				);
				MARKETING_VERSION = 1.0;
				PRODUCT_BUNDLE_IDENTIFIER = com.eram.tasks.Tasks;
				PRODUCT_NAME = "$(TARGET_NAME)";
				SWIFT_ACTIVE_COMPILATION_CONDITIONS = "DEBUG $(inherited) UIKit";
				SWIFT_EMIT_LOC_STRINGS = YES;
				SWIFT_VERSION = 5.0;
				TARGETED_DEVICE_FAMILY = "1,2";
			};
			name = Debug;
		};
		41CE106D2D88A93700ADC2B1 /* Release */ = {
			isa = XCBuildConfiguration;
			buildSettings = {
				ASSETCATALOG_COMPILER_APPICON_NAME = AppIcon;
				ASSETCATALOG_COMPILER_GLOBAL_ACCENT_COLOR_NAME = AccentColor;
				CODE_SIGN_STYLE = Automatic;
				CURRENT_PROJECT_VERSION = 1;
				GENERATE_INFOPLIST_FILE = YES;
				INFOPLIST_FILE = Tasks/Info.plist;
				INFOPLIST_KEY_UIApplicationSupportsIndirectInputEvents = YES;
				INFOPLIST_KEY_UILaunchStoryboardName = LaunchScreen;
				INFOPLIST_KEY_UIMainStoryboardFile = Main;
				INFOPLIST_KEY_UISupportedInterfaceOrientations_iPad = "UIInterfaceOrientationPortrait UIInterfaceOrientationPortraitUpsideDown UIInterfaceOrientationLandscapeLeft UIInterfaceOrientationLandscapeRight";
				INFOPLIST_KEY_UISupportedInterfaceOrientations_iPhone = "UIInterfaceOrientationPortrait UIInterfaceOrientationLandscapeLeft UIInterfaceOrientationLandscapeRight";
				LD_RUNPATH_SEARCH_PATHS = (
					"$(inherited)",
					"@executable_path/Frameworks",
				);
				MARKETING_VERSION = 1.0;
				PRODUCT_BUNDLE_IDENTIFIER = com.eram.tasks.Tasks;
				PRODUCT_NAME = "$(TARGET_NAME)";
				SWIFT_EMIT_LOC_STRINGS = YES;
				SWIFT_VERSION = 5.0;
				TARGETED_DEVICE_FAMILY = "1,2";
			};
			name = Release;
		};
		41CE106F2D88A93700ADC2B1 /* Debug */ = {
			isa = XCBuildConfiguration;
			buildSettings = {
				ALWAYS_EMBED_SWIFT_STANDARD_LIBRARIES = YES;
				BUNDLE_LOADER = "$(TEST_HOST)";
				CODE_SIGN_STYLE = Automatic;
				CURRENT_PROJECT_VERSION = 1;
				GENERATE_INFOPLIST_FILE = YES;
				IPHONEOS_DEPLOYMENT_TARGET = 17.2;
				MARKETING_VERSION = 1.0;
				PRODUCT_BUNDLE_IDENTIFIER = com.eram.tasks.TasksTests;
				PRODUCT_NAME = "$(TARGET_NAME)";
				SWIFT_EMIT_LOC_STRINGS = NO;
				SWIFT_VERSION = 5.0;
				TARGETED_DEVICE_FAMILY = "1,2";
				TEST_HOST = "$(BUILT_PRODUCTS_DIR)/Tasks.app/$(BUNDLE_EXECUTABLE_FOLDER_PATH)/Tasks";
			};
			name = Debug;
		};
		41CE10702D88A93700ADC2B1 /* Release */ = {
			isa = XCBuildConfiguration;
			buildSettings = {
				ALWAYS_EMBED_SWIFT_STANDARD_LIBRARIES = YES;
				BUNDLE_LOADER = "$(TEST_HOST)";
				CODE_SIGN_STYLE = Automatic;
				CURRENT_PROJECT_VERSION = 1;
				GENERATE_INFOPLIST_FILE = YES;
				IPHONEOS_DEPLOYMENT_TARGET = 17.2;
				MARKETING_VERSION = 1.0;
				PRODUCT_BUNDLE_IDENTIFIER = com.eram.tasks.TasksTests;
				PRODUCT_NAME = "$(TARGET_NAME)";
				SWIFT_EMIT_LOC_STRINGS = NO;
				SWIFT_VERSION = 5.0;
				TARGETED_DEVICE_FAMILY = "1,2";
				TEST_HOST = "$(BUILT_PRODUCTS_DIR)/Tasks.app/$(BUNDLE_EXECUTABLE_FOLDER_PATH)/Tasks";
			};
			name = Release;
		};
		41CE10722D88A93700ADC2B1 /* Debug */ = {
			isa = XCBuildConfiguration;
			buildSettings = {
				ALWAYS_EMBED_SWIFT_STANDARD_LIBRARIES = YES;
				CODE_SIGN_STYLE = Automatic;
				CURRENT_PROJECT_VERSION = 1;
				GENERATE_INFOPLIST_FILE = YES;
				MARKETING_VERSION = 1.0;
				PRODUCT_BUNDLE_IDENTIFIER = com.eram.tasks.TasksUITests;
				PRODUCT_NAME = "$(TARGET_NAME)";
				SWIFT_EMIT_LOC_STRINGS = NO;
				SWIFT_VERSION = 5.0;
				TARGETED_DEVICE_FAMILY = "1,2";
				TEST_TARGET_NAME = Tasks;
			};
			name = Debug;
		};
		41CE10732D88A93700ADC2B1 /* Release */ = {
			isa = XCBuildConfiguration;
			buildSettings = {
				ALWAYS_EMBED_SWIFT_STANDARD_LIBRARIES = YES;
				CODE_SIGN_STYLE = Automatic;
				CURRENT_PROJECT_VERSION = 1;
				GENERATE_INFOPLIST_FILE = YES;
				MARKETING_VERSION = 1.0;
				PRODUCT_BUNDLE_IDENTIFIER = com.eram.tasks.TasksUITests;
				PRODUCT_NAME = "$(TARGET_NAME)";
				SWIFT_EMIT_LOC_STRINGS = NO;
				SWIFT_VERSION = 5.0;
				TARGETED_DEVICE_FAMILY = "1,2";
				TEST_TARGET_NAME = Tasks;
			};
			name = Release;
		};
/* End XCBuildConfiguration section */

/* Begin XCConfigurationList section */
		41CE103C2D88A93400ADC2B1 /* Build configuration list for PBXProject "Tasks" */ = {
			isa = XCConfigurationList;
			buildConfigurations = (
				41CE10692D88A93700ADC2B1 /* Debug */,
				41CE106A2D88A93700ADC2B1 /* Release */,
			);
			defaultConfigurationIsVisible = 0;
			defaultConfigurationName = Release;
		};
		41CE106B2D88A93700ADC2B1 /* Build configuration list for PBXNativeTarget "Tasks" */ = {
			isa = XCConfigurationList;
			buildConfigurations = (
				41CE106C2D88A93700ADC2B1 /* Debug */,
				41CE106D2D88A93700ADC2B1 /* Release */,
			);
			defaultConfigurationIsVisible = 0;
			defaultConfigurationName = Release;
		};
		41CE106E2D88A93700ADC2B1 /* Build configuration list for PBXNativeTarget "TasksTests" */ = {
			isa = XCConfigurationList;
			buildConfigurations = (
				41CE106F2D88A93700ADC2B1 /* Debug */,
				41CE10702D88A93700ADC2B1 /* Release */,
			);
			defaultConfigurationIsVisible = 0;
			defaultConfigurationName = Release;
		};
		41CE10712D88A93700ADC2B1 /* Build configuration list for PBXNativeTarget "TasksUITests" */ = {
			isa = XCConfigurationList;
			buildConfigurations = (
				41CE10722D88A93700ADC2B1 /* Debug */,
				41CE10732D88A93700ADC2B1 /* Release */,
			);
			defaultConfigurationIsVisible = 0;
			defaultConfigurationName = Release;
		};
/* End XCConfigurationList section */
	};
	rootObject = 41CE10392D88A93400ADC2B1 /* Project object */;
}
